lockfileVersion: '9.0'

settings:
  autoInstallPeers: true
  excludeLinksFromLockfile: false

importers:

  .:
    dependencies:
      '@rescript/core':
        specifier: ^1.6.1
        version: 1.6.1(rescript@11.1.4)
      rescript:
        specifier: ^11.1.4
        version: 11.1.4
      tree-sitter-wasms:
        specifier: ^0.1.12
        version: 0.1.12
      web-tree-sitter:
        specifier: ^0.24.7
        version: 0.24.7

packages:

  '@rescript/core@1.6.1':
    resolution: {integrity: sha512-vyb5k90ck+65Fgui+5vCja/mUfzKaK3kOPT4Z6aAJdHLH1eljEi1zKhXroCiCtpNLSWp8k4ulh1bdB5WS0hvqA==}
    peerDependencies:
      rescript: '>=11.1.0'

  rescript@11.1.4:
    resolution: {integrity: sha512-0bGU0bocihjSC6MsE3TMjHjY0EUpchyrREquLS8VsZ3ohSMD+VHUEwimEfB3kpBI1vYkw3UFZ3WD8R28guz/Vw==}
    engines: {node: '>=10'}
    hasBin: true

  tree-sitter-wasms@0.1.12:
    resolution: {integrity: sha512-N9Jp+dkB23Ul5Gw0utm+3pvG4km4Fxsi2jmtMFg7ivzwqWPlSyrYQIrOmcX+79taVfcHEA+NzP0hl7vXL8DNUQ==}

  web-tree-sitter@0.24.7:
    resolution: {integrity: sha512-CdC/TqVFbXqR+C51v38hv6wOPatKEUGxa39scAeFSm98wIhZxAYonhRQPSMmfZ2w7JDI0zQDdzdmgtNk06/krQ==}

snapshots:

  '@rescript/core@1.6.1(rescript@11.1.4)':
    dependencies:
      rescript: 11.1.4

  rescript@11.1.4: {}

  tree-sitter-wasms@0.1.12: {}

  web-tree-sitter@0.24.7: {}
